
Microsoft Visual Studio Solution File, Format Version 12.00
# Visual Studio 15
VisualStudioVersion = 15.0.27428.2027
MinimumVisualStudioVersion = 10.0.40219.1
Project("{9A19103F-16F7-4668-BE54-9A1E7A4F7556}") = "CourseScheduleCalendar.Data", "CourseScheduleCalendar.Data\CourseScheduleCalendar.Data.csproj", "{DD87CF83-DB81-43D0-B901-9EE394F0B460}"
EndProject
Project("{FAE04EC0-301F-11D3-BF4B-00C04F79EFBC}") = "CourseScheduleCalendar.App", "CourseScheduleCalendar.App\CourseScheduleCalendar.App.csproj", "{E380D143-3DE9-4752-98F8-17DD99A6431E}"
EndProject
Project("{FAE04EC0-301F-11D3-BF4B-00C04F79EFBC}") = "CourseScheduleCalendar.Tests", "CourseScheduleCalendar.Tests\CourseScheduleCalendar.Tests.csproj", "{69AE1F77-0AAC-4BE9-B7E7-4766C13F9BC0}"
EndProject
Global
	GlobalSection(SolutionConfigurationPlatforms) = preSolution
		Debug|Any CPU = Debug|Any CPU
		Release|Any CPU = Release|Any CPU
	EndGlobalSection
	GlobalSection(ProjectConfigurationPlatforms) = postSolution
		{DD87CF83-DB81-43D0-B901-9EE394F0B460}.Debug|Any CPU.ActiveCfg = Debug|Any CPU
		{DD87CF83-DB81-43D0-B901-9EE394F0B460}.Debug|Any CPU.Build.0 = Debug|Any CPU
		{DD87CF83-DB81-43D0-B901-9EE394F0B460}.Release|Any CPU.ActiveCfg = Release|Any CPU
		{DD87CF83-DB81-43D0-B901-9EE394F0B460}.Release|Any CPU.Build.0 = Release|Any CPU
		{E380D143-3DE9-4752-98F8-17DD99A6431E}.Debug|Any CPU.ActiveCfg = Debug|Any CPU
		{E380D143-3DE9-4752-98F8-17DD99A6431E}.Debug|Any CPU.Build.0 = Debug|Any CPU
		{E380D143-3DE9-4752-98F8-17DD99A6431E}.Release|Any CPU.ActiveCfg = Release|Any CPU
		{E380D143-3DE9-4752-98F8-17DD99A6431E}.Release|Any CPU.Build.0 = Release|Any CPU
		{69AE1F77-0AAC-4BE9-B7E7-4766C13F9BC0}.Debug|Any CPU.ActiveCfg = Debug|Any CPU
		{69AE1F77-0AAC-4BE9-B7E7-4766C13F9BC0}.Debug|Any CPU.Build.0 = Debug|Any CPU
		{69AE1F77-0AAC-4BE9-B7E7-4766C13F9BC0}.Release|Any CPU.ActiveCfg = Release|Any CPU
		{69AE1F77-0AAC-4BE9-B7E7-4766C13F9BC0}.Release|Any CPU.Build.0 = Release|Any CPU
	EndGlobalSection
	GlobalSection(SolutionProperties) = preSolution
		HideSolutionNode = FALSE
	EndGlobalSection
	GlobalSection(ExtensibilityGlobals) = postSolution
		SolutionGuid = {E570B52B-CB83-44DE-BCCD-A573EE0A8B96}
	EndGlobalSection
EndGlobal
